
Microsoft Visual Studio Solution File, Format Version 12.00
# Visual Studio 15
VisualStudioVersion = 15.0.27703.2026
MinimumVisualStudioVersion = 10.0.40219.1
Project("{FAE04EC0-301F-11D3-BF4B-00C04F79EFBC}") = "WebApplication5", "WebApplication5\WebApplication5.csproj", "{93EA5CF6-F587-4610-9F3D-972D9E894224}"
EndProject
Global
	GlobalSection(SolutionConfigurationPlatforms) = preSolution
		Debug|Any CPU = Debug|Any CPU
		Release|Any CPU = Release|Any CPU
	EndGlobalSection
	GlobalSection(ProjectConfigurationPlatforms) = postSolution
		{93EA5CF6-F587-4610-9F3D-972D9E894224}.Debug|Any CPU.ActiveCfg = Debug|Any CPU
		{93EA5CF6-F587-4610-9F3D-972D9E894224}.Debug|Any CPU.Build.0 = Debug|Any CPU
		{93EA5CF6-F587-4610-9F3D-972D9E894224}.Release|Any CPU.ActiveCfg = Release|Any CPU
		{93EA5CF6-F587-4610-9F3D-972D9E894224}.Release|Any CPU.Build.0 = Release|Any CPU
	EndGlobalSection
	GlobalSection(SolutionProperties) = preSolution
		HideSolutionNode = FALSE
	EndGlobalSection
	GlobalSection(ExtensibilityGlobals) = postSolution
		SolutionGuid = {DB7B3F18-74C5-4EBC-B63D-0D359EF41603}
	EndGlobalSection
EndGlobal
